<?xml version="1.0" encoding="utf-8"?>
<Project ToolsVersion="4.0" xmlns="http://schemas.microsoft.com/developer/msbuild/2003">
  <ItemGroup>
    <Filter Include="Source Files">
      <UniqueIdentifier>{4FC737F1-C7A5-4376-A066-2A32D752A2FF}</UniqueIdentifier>
      <Extensions>cpp;c;cc;cxx;c++;cppm;ixx;def;odl;idl;hpj;bat;asm;asmx</Extensions>
    </Filter>
    <Filter Include="Header Files">
      <UniqueIdentifier>{93995380-89BD-4b04-88EB-625FBE52EBFB}</UniqueIdentifier>
      <Extensions>h;hh;hpp;hxx;h++;hm;inl;inc;ipp;xsd</Extensions>
    </Filter>
    <Filter Include="Resource Files">
      <UniqueIdentifier>{67DA6AB6-F800-4c08-8B7A-83BB121AAD01}</UniqueIdentifier>
      <Extensions>rc;ico;cur;bmp;dlg;rc2;rct;bin;rgs;gif;jpg;jpeg;jpe;resx;tiff;tif;png;wav;mfcribbon-ms</Extensions>
    </Filter>
    <Filter Include="Source Files\Embedded Algorithm - Week 1">
      <UniqueIdentifier>{9f2b0f4a-58a5-497e-ae0f-780e3f88b776}</UniqueIdentifier>
    </Filter>
    <Filter Include="Source Files\Embedded Algorithm - Week 2&amp;3">
      <UniqueIdentifier>{2f456804-05d2-4938-ac0b-49a73e6e7462}</UniqueIdentifier>
    </Filter>
    <Filter Include="Source Files\Embedded Algorithm - Week 4">
      <UniqueIdentifier>{ab65b03a-fc22-4153-8e0e-73722944c069}</UniqueIdentifier>
    </Filter>
    <Filter Include="Source Files\Command Line">
      <UniqueIdentifier>{34b28cd3-f3da-4d15-9ad1-37be1ef3ff29}</UniqueIdentifier>
    </Filter>
  </ItemGroup>
  <ItemGroup>
    <ClCompile Include="Check If Two String Arrays are Equivalent.cpp">
      <Filter>Source Files\Embedded Algorithm - Week 1</Filter>
    </ClCompile>
    <ClCompile Include="Find the Difference.cpp">
      <Filter>Source Files\Embedded Algorithm - Week 1</Filter>
    </ClCompile>
    <ClCompile Include="FTEL Embedded 2026.c">
      <Filter>Source Files\Embedded Algorithm - Week 1</Filter>
    </ClCompile>
    <ClCompile Include="Group Anagrams.cpp">
      <Filter>Source Files\Embedded Algorithm - Week 1</Filter>
    </ClCompile>
    <ClCompile Include="Kids With the Greatest Number of Candies.cpp">
      <Filter>Source Files\Embedded Algorithm - Week 1</Filter>
    </ClCompile>
    <ClCompile Include="Longest Substring Without Repeating Characters.cpp">
      <Filter>Source Files\Embedded Algorithm - Week 1</Filter>
    </ClCompile>
    <ClCompile Include="Maximum Average Subarray.cpp">
      <Filter>Source Files\Embedded Algorithm - Week 1</Filter>
    </ClCompile>
    <ClCompile Include="Merge Sorted Array.cpp">
      <Filter>Source Files\Embedded Algorithm - Week 1</Filter>
    </ClCompile>
    <ClCompile Include="Ransom Note.cpp">
      <Filter>Source Files\Embedded Algorithm - Week 1</Filter>
    </ClCompile>
    <ClCompile Include="Robot Return to Origin.cpp">
      <Filter>Source Files\Embedded Algorithm - Week 1</Filter>
    </ClCompile>
    <ClCompile Include="Valid Parentheses.cpp">
      <Filter>Source Files\Embedded Algorithm - Week 1</Filter>
    </ClCompile>
    <ClCompile Include="Convert Sorted List to Binary Search Tree.cpp">
      <Filter>Source Files\Embedded Algorithm - Week 2&amp;3</Filter>
    </ClCompile>
    <ClCompile Include="Implement Stack using Queues.cpp">
      <Filter>Source Files\Embedded Algorithm - Week 2&amp;3</Filter>
    </ClCompile>
    <ClCompile Include="Implement Queue using Stacks.cpp">
      <Filter>Source Files\Embedded Algorithm - Week 2&amp;3</Filter>
    </ClCompile>
    <ClCompile Include="Make The String Great.cpp">
      <Filter>Source Files\Embedded Algorithm - Week 2&amp;3</Filter>
    </ClCompile>
    <ClCompile Include="Daily Temperatures.cpp">
      <Filter>Source Files\Embedded Algorithm - Week 2&amp;3</Filter>
    </ClCompile>
    <ClCompile Include="Remove Linked List Elements.cpp">
      <Filter>Source Files\Embedded Algorithm - Week 2&amp;3</Filter>
    </ClCompile>
    <ClCompile Include="Array Partition.cpp">
      <Filter>Source Files\Embedded Algorithm - Week 2&amp;3</Filter>
    </ClCompile>
    <ClCompile Include="Squares of a Sorted Array.cpp">
      <Filter>Source Files\Embedded Algorithm - Week 2&amp;3</Filter>
    </ClCompile>
    <ClCompile Include="Missing Number.cpp">
      <Filter>Source Files\Embedded Algorithm - Week 2&amp;3</Filter>
    </ClCompile>
    <ClCompile Include="Third Maximum Number.cpp">
      <Filter>Source Files\Embedded Algorithm - Week 2&amp;3</Filter>
    </ClCompile>
    <ClCompile Include="Contains Duplicate.cpp">
      <Filter>Source Files\Embedded Algorithm - Week 2&amp;3</Filter>
    </ClCompile>
    <ClCompile Include="Sort Colors.cpp">
      <Filter>Source Files\Embedded Algorithm - Week 2&amp;3</Filter>
    </ClCompile>
    <ClCompile Include="Largest Number.cpp">
      <Filter>Source Files\Embedded Algorithm - Week 2&amp;3</Filter>
    </ClCompile>
    <ClCompile Include="Partition List.cpp">
      <Filter>Source Files\Embedded Algorithm - Week 2&amp;3</Filter>
    </ClCompile>
    <ClCompile Include="Delete Node in a Linked List.cpp">
      <Filter>Source Files\Embedded Algorithm - Week 2&amp;3</Filter>
    </ClCompile>
    <ClCompile Include="Remove Nth Node From End of List.cpp">
      <Filter>Source Files\Embedded Algorithm - Week 2&amp;3</Filter>
    </ClCompile>
    <ClCompile Include="Remove All Adjacent Duplicates in String II.cpp">
      <Filter>Source Files\Embedded Algorithm - Week 2&amp;3</Filter>
    </ClCompile>
    <ClCompile Include="Design Circular Queue.cpp">
      <Filter>Source Files\Embedded Algorithm - Week 2&amp;3</Filter>
    </ClCompile>
    <ClCompile Include="Evaluate Reverse Polish Notation.cpp">
      <Filter>Source Files\Embedded Algorithm - Week 2&amp;3</Filter>
    </ClCompile>
    <ClCompile Include="Asteroid Collision.cpp">
      <Filter>Source Files\Embedded Algorithm - Week 2&amp;3</Filter>
    </ClCompile>
    <ClCompile Include="Sqrt_x.cpp">
      <Filter>Source Files\Embedded Algorithm - Week 4</Filter>
    </ClCompile>
    <ClCompile Include="Binary Search.cpp">
      <Filter>Source Files\Embedded Algorithm - Week 4</Filter>
    </ClCompile>
    <ClCompile Include="Check If N and Its Double Exist.cpp">
      <Filter>Source Files\Embedded Algorithm - Week 4</Filter>
    </ClCompile>
    <ClCompile Include="cmd_line.c">
      <Filter>Source Files\Command Line</Filter>
    </ClCompile>
    <ClCompile Include="xprintf.c">
      <Filter>Source Files\Command Line</Filter>
    </ClCompile>
  </ItemGroup>
  <ItemGroup>
    <ClInclude Include="cmd_line.h">
      <Filter>Source Files\Command Line</Filter>
    </ClInclude>
    <ClInclude Include="xprintf.h">
      <Filter>Source Files\Command Line</Filter>
    </ClInclude>
  </ItemGroup>
</Project>